Microsoft Visual Studio Solution File, Format Version 12.00
# Visual Studio Version 17
VisualStudioVersion = 17.5.2.0
MinimumVisualStudioVersion = 10.0.40219.1
Project("{FAE04EC0-301F-11D3-BF4B-00C04F79EFBC}") = "Hauntess", "Hauntess.csproj", "{9EC3BD64-EA7F-A9BE-FC38-66C3951CDBD3}"
EndProject
Global
	GlobalSection(SolutionConfigurationPlatforms) = preSolution
		Debug|Any CPU = Debug|Any CPU
		Release|Any CPU = Release|Any CPU
	EndGlobalSection
	GlobalSection(ProjectConfigurationPlatforms) = postSolution
		{9EC3BD64-EA7F-A9BE-FC38-66C3951CDBD3}.Debug|Any CPU.ActiveCfg = Debug|Any CPU
		{9EC3BD64-EA7F-A9BE-FC38-66C3951CDBD3}.Debug|Any CPU.Build.0 = Debug|Any CPU
		{9EC3BD64-EA7F-A9BE-FC38-66C3951CDBD3}.Release|Any CPU.ActiveCfg = Release|Any CPU
		{9EC3BD64-EA7F-A9BE-FC38-66C3951CDBD3}.Release|Any CPU.Build.0 = Release|Any CPU
	EndGlobalSection
	GlobalSection(SolutionProperties) = preSolution
		HideSolutionNode = FALSE
	EndGlobalSection
	GlobalSection(ExtensibilityGlobals) = postSolution
		SolutionGuid = {6CCD2550-2008-4B4C-9940-779A32C63804}
	EndGlobalSection
EndGlobal
